{
  "name": "silatas",
  "lockfileVersion": 3,
  "requires": true,
  "packages": {
    "": {
      "dependencies": {
        "multiselect-dropdown": "^2.0.2"
      }
    },
    "node_modules/multiselect-dropdown": {
      "version": "2.0.2",
      "resolved": "https://registry.npmjs.org/multiselect-dropdown/-/multiselect-dropdown-2.0.2.tgz",
      "integrity": "sha512-bdiL6A0rsGOEiyoM9x7Wqwy49MEp8E4lEr4usVbWevDhK7cDT35uvOmOh9s2JnFLy4fQHbQL8WpqNTkiofaiVg==",
      "license": "MIT"
    }
  }
}
